# This file is automatically @generated by Poetry 1.8.2 and should not be changed by hand.

[[package]]
name = "redis"
version = "5.1.1"
description = "Python client for Redis database and key-value store"
optional = false
python-versions = ">=3.8"
files = [
    {file = "redis-5.1.1-py3-none-any.whl", hash = "sha256:f8ea06b7482a668c6475ae202ed8d9bcaa409f6e87fb77ed1043d912afd62e24"},
    {file = "redis-5.1.1.tar.gz", hash = "sha256:f6c997521fedbae53387307c5d0bf784d9acc28d9f1d058abeac566ec4dbed72"},
]

[package.extras]
hiredis = ["hiredis (>=3.0.0)"]
ocsp = ["cryptography (>=36.0.1)", "pyopenssl (==23.2.1)", "requests (>=2.31.0)"]

[metadata]
lock-version = "2.0"
python-versions = "^3.12"
content-hash = "001919c2470855f11c1fbab54d87584f932c781d41a6d2be8300628f00635c18"
